
Microsoft Visual Studio Solution File, Format Version 12.00
# Visual Studio Version 17
VisualStudioVersion = 17.0.31912.275
MinimumVisualStudioVersion = 10.0.40219.1
Project("{FAE04EC0-301F-11D3-BF4B-00C04F79EFBC}") = "Modelslib", "Modelslib\Modelslib.csproj", "{C0309CF7-15CA-4CB2-8CAD-F803A77F7BDF}"
EndProject
Project("{FAE04EC0-301F-11D3-BF4B-00C04F79EFBC}") = "CharacterEditorGUI", "CharacterEditorGUI\CharacterEditorGUI.csproj", "{48A81E00-7CA8-4746-A6A8-ADD8758AAD11}"
EndProject
Global
	GlobalSection(SolutionConfigurationPlatforms) = preSolution
		Debug|Any CPU = Debug|Any CPU
		Release|Any CPU = Release|Any CPU
	EndGlobalSection
	GlobalSection(ProjectConfigurationPlatforms) = postSolution
		{C0309CF7-15CA-4CB2-8CAD-F803A77F7BDF}.Debug|Any CPU.ActiveCfg = Debug|Any CPU
		{C0309CF7-15CA-4CB2-8CAD-F803A77F7BDF}.Debug|Any CPU.Build.0 = Debug|Any CPU
		{C0309CF7-15CA-4CB2-8CAD-F803A77F7BDF}.Release|Any CPU.ActiveCfg = Release|Any CPU
		{C0309CF7-15CA-4CB2-8CAD-F803A77F7BDF}.Release|Any CPU.Build.0 = Release|Any CPU
		{48A81E00-7CA8-4746-A6A8-ADD8758AAD11}.Debug|Any CPU.ActiveCfg = Debug|Any CPU
		{48A81E00-7CA8-4746-A6A8-ADD8758AAD11}.Debug|Any CPU.Build.0 = Debug|Any CPU
		{48A81E00-7CA8-4746-A6A8-ADD8758AAD11}.Release|Any CPU.ActiveCfg = Release|Any CPU
		{48A81E00-7CA8-4746-A6A8-ADD8758AAD11}.Release|Any CPU.Build.0 = Release|Any CPU
	EndGlobalSection
	GlobalSection(SolutionProperties) = preSolution
		HideSolutionNode = FALSE
	EndGlobalSection
	GlobalSection(ExtensibilityGlobals) = postSolution
		SolutionGuid = {7FACA92B-B149-48D7-AA62-FAED36ED8FFE}
	EndGlobalSection
EndGlobal
